// !$*UTF8*$!
{
	archiveVersion = 1;
	classes = {
	};
	objectVersion = 46;
	objects = {

/* Begin PBXBuildFile section */
		4659ED4D01BC8D81676D6C70 /* Pods_Hangman.framework in Frameworks */ = {isa = PBXBuildFile; fileRef = 607E36041175E044B319E091 /* Pods_Hangman.framework */; };
		D973752B1EF146C40026715B /* RESTFUL_API_MANAGER.swift in Sources */ = {isa = PBXBuildFile; fileRef = D973752A1EF146C40026715B /* RESTFUL_API_MANAGER.swift */; };
		D9BFF2051EF1379F00D225A6 /* AppDelegate.swift in Sources */ = {isa = PBXBuildFile; fileRef = D9BFF2041EF1379F00D225A6 /* AppDelegate.swift */; };
		D9BFF2071EF1379F00D225A6 /* ViewController.swift in Sources */ = {isa = PBXBuildFile; fileRef = D9BFF2061EF1379F00D225A6 /* ViewController.swift */; };
		D9BFF20A1EF1379F00D225A6 /* Main.storyboard in Resources */ = {isa = PBXBuildFile; fileRef = D9BFF2081EF1379F00D225A6 /* Main.storyboard */; };
		D9BFF20C1EF1379F00D225A6 /* Assets.xcassets in Resources */ = {isa = PBXBuildFile; fileRef = D9BFF20B1EF1379F00D225A6 /* Assets.xcassets */; };
		D9BFF20F1EF1379F00D225A6 /* LaunchScreen.storyboard in Resources */ = {isa = PBXBuildFile; fileRef = D9BFF20D1EF1379F00D225A6 /* LaunchScreen.storyboard */; };
		D9BFF21A1EF1379F00D225A6 /* HangmanTests.swift in Sources */ = {isa = PBXBuildFile; fileRef = D9BFF2191EF1379F00D225A6 /* HangmanTests.swift */; };
		D9BFF2251EF1379F00D225A6 /* HangmanUITests.swift in Sources */ = {isa = PBXBuildFile; fileRef = D9BFF2241EF1379F00D225A6 /* HangmanUITests.swift */; };
		D9EA0B131EF24D080061F553 /* Word.swift in Sources */ = {isa = PBXBuildFile; fileRef = D9EA0B121EF24D080061F553 /* Word.swift */; };
/* End PBXBuildFile section */

/* Begin PBXContainerItemProxy section */
		D9BFF2161EF1379F00D225A6 /* PBXContainerItemProxy */ = {
			isa = PBXContainerItemProxy;
			containerPortal = D9BFF1F91EF1379F00D225A6 /* Project object */;
			proxyType = 1;
			remoteGlobalIDString = D9BFF2001EF1379F00D225A6;
			remoteInfo = Hangman;
		};
		D9BFF2211EF1379F00D225A6 /* PBXContainerItemProxy */ = {
			isa = PBXContainerItemProxy;
			containerPortal = D9BFF1F91EF1379F00D225A6 /* Project object */;
			proxyType = 1;
			remoteGlobalIDString = D9BFF2001EF1379F00D225A6;
			remoteInfo = Hangman;
		};
/* End PBXContainerItemProxy section */

/* Begin PBXFileReference section */
		220373A62198108A1BDE27F1 /* Pods-Hangman.debug.xcconfig */ = {isa = PBXFileReference; includeInIndex = 1; lastKnownFileType = text.xcconfig; name = "Pods-Hangman.debug.xcconfig"; path = "Pods/Target Support Files/Pods-Hangman/Pods-Hangman.debug.xcconfig"; sourceTree = "<group>"; };
		607E36041175E044B319E091 /* Pods_Hangman.framework */ = {isa = PBXFileReference; explicitFileType = wrapper.framework; includeInIndex = 0; path = Pods_Hangman.framework; sourceTree = BUILT_PRODUCTS_DIR; };
		6514DF2666FF8F118C782247 /* Pods-Hangman.release.xcconfig */ = {isa = PBXFileReference; includeInIndex = 1; lastKnownFileType = text.xcconfig; name = "Pods-Hangman.release.xcconfig"; path = "Pods/Target Support Files/Pods-Hangman/Pods-Hangman.release.xcconfig"; sourceTree = "<group>"; };
		D973752A1EF146C40026715B /* RESTFUL_API_MANAGER.swift */ = {isa = PBXFileReference; fileEncoding = 4; lastKnownFileType = sourcecode.swift; path = RESTFUL_API_MANAGER.swift; sourceTree = "<group>"; };
		D9BFF2011EF1379F00D225A6 /* Hangman.app */ = {isa = PBXFileReference; explicitFileType = wrapper.application; includeInIndex = 0; path = Hangman.app; sourceTree = BUILT_PRODUCTS_DIR; };
		D9BFF2041EF1379F00D225A6 /* AppDelegate.swift */ = {isa = PBXFileReference; lastKnownFileType = sourcecode.swift; path = AppDelegate.swift; sourceTree = "<group>"; };
		D9BFF2061EF1379F00D225A6 /* ViewController.swift */ = {isa = PBXFileReference; lastKnownFileType = sourcecode.swift; path = ViewController.swift; sourceTree = "<group>"; };
		D9BFF2091EF1379F00D225A6 /* Base */ = {isa = PBXFileReference; lastKnownFileType = file.storyboard; name = Base; path = Base.lproj/Main.storyboard; sourceTree = "<group>"; };
		D9BFF20B1EF1379F00D225A6 /* Assets.xcassets */ = {isa = PBXFileReference; lastKnownFileType = folder.assetcatalog; path = Assets.xcassets; sourceTree = "<group>"; };
		D9BFF20E1EF1379F00D225A6 /* Base */ = {isa = PBXFileReference; lastKnownFileType = file.storyboard; name = Base; path = Base.lproj/LaunchScreen.storyboard; sourceTree = "<group>"; };
		D9BFF2101EF1379F00D225A6 /* Info.plist */ = {isa = PBXFileReference; lastKnownFileType = text.plist.xml; path = Info.plist; sourceTree = "<group>"; };
		D9BFF2151EF1379F00D225A6 /* HangmanTests.xctest */ = {isa = PBXFileReference; explicitFileType = wrapper.cfbundle; includeInIndex = 0; path = HangmanTests.xctest; sourceTree = BUILT_PRODUCTS_DIR; };
		D9BFF2191EF1379F00D225A6 /* HangmanTests.swift */ = {isa = PBXFileReference; lastKnownFileType = sourcecode.swift; path = HangmanTests.swift; sourceTree = "<group>"; };
		D9BFF21B1EF1379F00D225A6 /* Info.plist */ = {isa = PBXFileReference; lastKnownFileType = text.plist.xml; path = Info.plist; sourceTree = "<group>"; };
		D9BFF2201EF1379F00D225A6 /* HangmanUITests.xctest */ = {isa = PBXFileReference; explicitFileType = wrapper.cfbundle; includeInIndex = 0; path = HangmanUITests.xctest; sourceTree = BUILT_PRODUCTS_DIR; };
		D9BFF2241EF1379F00D225A6 /* HangmanUITests.swift */ = {isa = PBXFileReference; lastKnownFileType = sourcecode.swift; path = HangmanUITests.swift; sourceTree = "<group>"; };
		D9BFF2261EF1379F00D225A6 /* Info.plist */ = {isa = PBXFileReference; lastKnownFileType = text.plist.xml; path = Info.plist; sourceTree = "<group>"; };
		D9EA0B121EF24D080061F553 /* Word.swift */ = {isa = PBXFileReference; fileEncoding = 4; lastKnownFileType = sourcecode.swift; path = Word.swift; sourceTree = "<group>"; };
/* End PBXFileReference section */

/* Begin PBXFrameworksBuildPhase section */
		D9BFF1FE1EF1379F00D225A6 /* Frameworks */ = {
			isa = PBXFrameworksBuildPhase;
			buildActionMask = 2147483647;
			files = (
				4659ED4D01BC8D81676D6C70 /* Pods_Hangman.framework in Frameworks */,
			);
			runOnlyForDeploymentPostprocessing = 0;
		};
		D9BFF2121EF1379F00D225A6 /* Frameworks */ = {
			isa = PBXFrameworksBuildPhase;
			buildActionMask = 2147483647;
			files = (
			);
			runOnlyForDeploymentPostprocessing = 0;
		};
		D9BFF21D1EF1379F00D225A6 /* Frameworks */ = {
			isa = PBXFrameworksBuildPhase;
			buildActionMask = 2147483647;
			files = (
			);
			runOnlyForDeploymentPostprocessing = 0;
		};
/* End PBXFrameworksBuildPhase section */

/* Begin PBXGroup section */
		B4E7CEE76CC7D794607532B0 /* Pods */ = {
			isa = PBXGroup;
			children = (
				220373A62198108A1BDE27F1 /* Pods-Hangman.debug.xcconfig */,
				6514DF2666FF8F118C782247 /* Pods-Hangman.release.xcconfig */,
			);
			name = Pods;
			sourceTree = "<group>";
		};
		BD9AFDFE2893F1AB890B3EB7 /* Frameworks */ = {
			isa = PBXGroup;
			children = (
				607E36041175E044B319E091 /* Pods_Hangman.framework */,
			);
			name = Frameworks;
			sourceTree = "<group>";
		};
		D9BFF1F81EF1379F00D225A6 = {
			isa = PBXGroup;
			children = (
				D9BFF2031EF1379F00D225A6 /* Hangman */,
				D9BFF2181EF1379F00D225A6 /* HangmanTests */,
				D9BFF2231EF1379F00D225A6 /* HangmanUITests */,
				D9BFF2021EF1379F00D225A6 /* Products */,
				B4E7CEE76CC7D794607532B0 /* Pods */,
				BD9AFDFE2893F1AB890B3EB7 /* Frameworks */,
			);
			sourceTree = "<group>";
		};
		D9BFF2021EF1379F00D225A6 /* Products */ = {
			isa = PBXGroup;
			children = (
				D9BFF2011EF1379F00D225A6 /* Hangman.app */,
				D9BFF2151EF1379F00D225A6 /* HangmanTests.xctest */,
				D9BFF2201EF1379F00D225A6 /* HangmanUITests.xctest */,
			);
			name = Products;
			sourceTree = "<group>";
		};
		D9BFF2031EF1379F00D225A6 /* Hangman */ = {
			isa = PBXGroup;
			children = (
				D9BFF2041EF1379F00D225A6 /* AppDelegate.swift */,
				D9BFF2061EF1379F00D225A6 /* ViewController.swift */,
				D9BFF2081EF1379F00D225A6 /* Main.storyboard */,
				D9BFF20B1EF1379F00D225A6 /* Assets.xcassets */,
				D9BFF20D1EF1379F00D225A6 /* LaunchScreen.storyboard */,
				D9BFF2101EF1379F00D225A6 /* Info.plist */,
				D9EA0B151EF251E00061F553 /* Service */,
				D9EA0B161EF251EB0061F553 /* Model */,
			);
			path = Hangman;
			sourceTree = "<group>";
		};
		D9BFF2181EF1379F00D225A6 /* HangmanTests */ = {
			isa = PBXGroup;
			children = (
				D9BFF2191EF1379F00D225A6 /* HangmanTests.swift */,
				D9BFF21B1EF1379F00D225A6 /* Info.plist */,
			);
			path = HangmanTests;
			sourceTree = "<group>";
		};
		D9BFF2231EF1379F00D225A6 /* HangmanUITests */ = {
			isa = PBXGroup;
			children = (
				D9BFF2241EF1379F00D225A6 /* HangmanUITests.swift */,
				D9BFF2261EF1379F00D225A6 /* Info.plist */,
			);
			path = HangmanUITests;
			sourceTree = "<group>";
		};
		D9EA0B151EF251E00061F553 /* Service */ = {
			isa = PBXGroup;
			children = (
				D973752A1EF146C40026715B /* RESTFUL_API_MANAGER.swift */,
			);
			name = Service;
			sourceTree = "<group>";
		};
		D9EA0B161EF251EB0061F553 /* Model */ = {
			isa = PBXGroup;
			children = (
				D9EA0B121EF24D080061F553 /* Word.swift */,
			);
			name = Model;
			sourceTree = "<group>";
		};
/* End PBXGroup section */

/* Begin PBXNativeTarget section */
		D9BFF2001EF1379F00D225A6 /* Hangman */ = {
			isa = PBXNativeTarget;
			buildConfigurationList = D9BFF2291EF1379F00D225A6 /* Build configuration list for PBXNativeTarget "Hangman" */;
			buildPhases = (
				0FCA27FF58667D10A4FA8A89 /* [CP] Check Pods Manifest.lock */,
				D9BFF1FD1EF1379F00D225A6 /* Sources */,
				D9BFF1FE1EF1379F00D225A6 /* Frameworks */,
				D9BFF1FF1EF1379F00D225A6 /* Resources */,
				31F308CE9C6460910ACD4A6B /* [CP] Embed Pods Frameworks */,
				5EB753D8A9932EFB1EB694AF /* [CP] Copy Pods Resources */,
			);
			buildRules = (
			);
			dependencies = (
			);
			name = Hangman;
			productName = Hangman;
			productReference = D9BFF2011EF1379F00D225A6 /* Hangman.app */;
			productType = "com.apple.product-type.application";
		};
		D9BFF2141EF1379F00D225A6 /* HangmanTests */ = {
			isa = PBXNativeTarget;
			buildConfigurationList = D9BFF22C1EF1379F00D225A6 /* Build configuration list for PBXNativeTarget "HangmanTests" */;
			buildPhases = (
				D9BFF2111EF1379F00D225A6 /* Sources */,
				D9BFF2121EF1379F00D225A6 /* Frameworks */,
				D9BFF2131EF1379F00D225A6 /* Resources */,
			);
			buildRules = (
			);
			dependencies = (
				D9BFF2171EF1379F00D225A6 /* PBXTargetDependency */,
			);
			name = HangmanTests;
			productName = HangmanTests;
			productReference = D9BFF2151EF1379F00D225A6 /* HangmanTests.xctest */;
			productType = "com.apple.product-type.bundle.unit-test";
		};
		D9BFF21F1EF1379F00D225A6 /* HangmanUITests */ = {
			isa = PBXNativeTarget;
			buildConfigurationList = D9BFF22F1EF1379F00D225A6 /* Build configuration list for PBXNativeTarget "HangmanUITests" */;
			buildPhases = (
				D9BFF21C1EF1379F00D225A6 /* Sources */,
				D9BFF21D1EF1379F00D225A6 /* Frameworks */,
				D9BFF21E1EF1379F00D225A6 /* Resources */,
			);
			buildRules = (
			);
			dependencies = (
				D9BFF2221EF1379F00D225A6 /* PBXTargetDependency */,
			);
			name = HangmanUITests;
			productName = HangmanUITests;
			productReference = D9BFF2201EF1379F00D225A6 /* HangmanUITests.xctest */;
			productType = "com.apple.product-type.bundle.ui-testing";
		};
/* End PBXNativeTarget section */

/* Begin PBXProject section */
		D9BFF1F91EF1379F00D225A6 /* Project object */ = {
			isa = PBXProject;
			attributes = {
				LastSwiftUpdateCheck = 0830;
				LastUpgradeCheck = 0830;
				ORGANIZATIONNAME = SmilyDog;
				TargetAttributes = {
					D9BFF2001EF1379F00D225A6 = {
						CreatedOnToolsVersion = 8.3.2;
						ProvisioningStyle = Automatic;
					};
					D9BFF2141EF1379F00D225A6 = {
						CreatedOnToolsVersion = 8.3.2;
						ProvisioningStyle = Automatic;
						TestTargetID = D9BFF2001EF1379F00D225A6;
					};
					D9BFF21F1EF1379F00D225A6 = {
						CreatedOnToolsVersion = 8.3.2;
						ProvisioningStyle = Automatic;
						TestTargetID = D9BFF2001EF1379F00D225A6;
					};
				};
			};
			buildConfigurationList = D9BFF1FC1EF1379F00D225A6 /* Build configuration list for PBXProject "Hangman" */;
			compatibilityVersion = "Xcode 3.2";
			developmentRegion = English;
			hasScannedForEncodings = 0;
			knownRegions = (
				en,
				Base,
			);
			mainGroup = D9BFF1F81EF1379F00D225A6;
			productRefGroup = D9BFF2021EF1379F00D225A6 /* Products */;
			projectDirPath = "";
			projectRoot = "";
			targets = (
				D9BFF2001EF1379F00D225A6 /* Hangman */,
				D9BFF2141EF1379F00D225A6 /* HangmanTests */,
				D9BFF21F1EF1379F00D225A6 /* HangmanUITests */,
			);
		};
/* End PBXProject section */

/* Begin PBXResourcesBuildPhase section */
		D9BFF1FF1EF1379F00D225A6 /* Resources */ = {
			isa = PBXResourcesBuildPhase;
			buildActionMask = 2147483647;
			files = (
				D9BFF20F1EF1379F00D225A6 /* LaunchScreen.storyboard in Resources */,
				D9BFF20C1EF1379F00D225A6 /* Assets.xcassets in Resources */,
				D9BFF20A1EF1379F00D225A6 /* Main.storyboard in Resources */,
			);
			runOnlyForDeploymentPostprocessing = 0;
		};
		D9BFF2131EF1379F00D225A6 /* Resources */ = {
			isa = PBXResourcesBuildPhase;
			buildActionMask = 2147483647;
			files = (
			);
			runOnlyForDeploymentPostprocessing = 0;
		};
		D9BFF21E1EF1379F00D225A6 /* Resources */ = {
			isa = PBXResourcesBuildPhase;
			buildActionMask = 2147483647;
			files = (
			);
			runOnlyForDeploymentPostprocessing = 0;
		};
/* End PBXResourcesBuildPhase section */

/* Begin PBXShellScriptBuildPhase section */
		0FCA27FF58667D10A4FA8A89 /* [CP] Check Pods Manifest.lock */ = {
			isa = PBXShellScriptBuildPhase;
			buildActionMask = 2147483647;
			files = (
			);
			inputPaths = (
			);
			name = "[CP] Check Pods Manifest.lock";
			outputPaths = (
			);
			runOnlyForDeploymentPostprocessing = 0;
			shellPath = /bin/sh;
			shellScript = "diff \"${PODS_ROOT}/../Podfile.lock\" \"${PODS_ROOT}/Manifest.lock\" > /dev/null\nif [ $? != 0 ] ; then\n    # print error to STDERR\n    echo \"error: The sandbox is not in sync with the Podfile.lock. Run 'pod install' or update your CocoaPods installation.\" >&2\n    exit 1\nfi\n";
			showEnvVarsInLog = 0;
		};
		31F308CE9C6460910ACD4A6B /* [CP] Embed Pods Frameworks */ = {
			isa = PBXShellScriptBuildPhase;
			buildActionMask = 2147483647;
			files = (
			);
			inputPaths = (
			);
			name = "[CP] Embed Pods Frameworks";
			outputPaths = (
			);
			runOnlyForDeploymentPostprocessing = 0;
			shellPath = /bin/sh;
			shellScript = "\"${SRCROOT}/Pods/Target Support Files/Pods-Hangman/Pods-Hangman-frameworks.sh\"\n";
			showEnvVarsInLog = 0;
		};
		5EB753D8A9932EFB1EB694AF /* [CP] Copy Pods Resources */ = {
			isa = PBXShellScriptBuildPhase;
			buildActionMask = 2147483647;
			files = (
			);
			inputPaths = (
			);
			name = "[CP] Copy Pods Resources";
			outputPaths = (
			);
			runOnlyForDeploymentPostprocessing = 0;
			shellPath = /bin/sh;
			shellScript = "\"${SRCROOT}/Pods/Target Support Files/Pods-Hangman/Pods-Hangman-resources.sh\"\n";
			showEnvVarsInLog = 0;
		};
/* End PBXShellScriptBuildPhase section */

/* Begin PBXSourcesBuildPhase section */
		D9BFF1FD1EF1379F00D225A6 /* Sources */ = {
			isa = PBXSourcesBuildPhase;
			buildActionMask = 2147483647;
			files = (
				D9BFF2071EF1379F00D225A6 /* ViewController.swift in Sources */,
				D9EA0B131EF24D080061F553 /* Word.swift in Sources */,
				D9BFF2051EF1379F00D225A6 /* AppDelegate.swift in Sources */,
				D973752B1EF146C40026715B /* RESTFUL_API_MANAGER.swift in Sources */,
			);
			runOnlyForDeploymentPostprocessing = 0;
		};
		D9BFF2111EF1379F00D225A6 /* Sources */ = {
			isa = PBXSourcesBuildPhase;
			buildActionMask = 2147483647;
			files = (
				D9BFF21A1EF1379F00D225A6 /* HangmanTests.swift in Sources */,
			);
			runOnlyForDeploymentPostprocessing = 0;
		};
		D9BFF21C1EF1379F00D225A6 /* Sources */ = {
			isa = PBXSourcesBuildPhase;
			buildActionMask = 2147483647;
			files = (
				D9BFF2251EF1379F00D225A6 /* HangmanUITests.swift in Sources */,
			);
			runOnlyForDeploymentPostprocessing = 0;
		};
/* End PBXSourcesBuildPhase section */

/* Begin PBXTargetDependency section */
		D9BFF2171EF1379F00D225A6 /* PBXTargetDependency */ = {
			isa = PBXTargetDependency;
			target = D9BFF2001EF1379F00D225A6 /* Hangman */;
			targetProxy = D9BFF2161EF1379F00D225A6 /* PBXContainerItemProxy */;
		};
		D9BFF2221EF1379F00D225A6 /* PBXTargetDependency */ = {
			isa = PBXTargetDependency;
			target = D9BFF2001EF1379F00D225A6 /* Hangman */;
			targetProxy = D9BFF2211EF1379F00D225A6 /* PBXContainerItemProxy */;
		};
/* End PBXTargetDependency section */

/* Begin PBXVariantGroup section */
		D9BFF2081EF1379F00D225A6 /* Main.storyboard */ = {
			isa = PBXVariantGroup;
			children = (
				D9BFF2091EF1379F00D225A6 /* Base */,
			);
			name = Main.storyboard;
			sourceTree = "<group>";
		};
		D9BFF20D1EF1379F00D225A6 /* LaunchScreen.storyboard */ = {
			isa = PBXVariantGroup;
			children = (
				D9BFF20E1EF1379F00D225A6 /* Base */,
			);
			name = LaunchScreen.storyboard;
			sourceTree = "<group>";
		};
/* End PBXVariantGroup section */

/* Begin XCBuildConfiguration section */
		D9BFF2271EF1379F00D225A6 /* Debug */ = {
			isa = XCBuildConfiguration;
			buildSettings = {
				ALWAYS_SEARCH_USER_PATHS = NO;
				CLANG_ANALYZER_NONNULL = YES;
				CLANG_ANALYZER_NUMBER_OBJECT_CONVERSION = YES_AGGRESSIVE;
				CLANG_CXX_LANGUAGE_STANDARD = "gnu++0x";
				CLANG_CXX_LIBRARY = "libc++";
				CLANG_ENABLE_MODULES = YES;
				CLANG_ENABLE_OBJC_ARC = YES;
				CLANG_WARN_BOOL_CONVERSION = YES;
				CLANG_WARN_CONSTANT_CONVERSION = YES;
				CLANG_WARN_DIRECT_OBJC_ISA_USAGE = YES_ERROR;
				CLANG_WARN_DOCUMENTATION_COMMENTS = YES;
				CLANG_WARN_EMPTY_BODY = YES;
				CLANG_WARN_ENUM_CONVERSION = YES;
				CLANG_WARN_INFINITE_RECURSION = YES;
				CLANG_WARN_INT_CONVERSION = YES;
				CLANG_WARN_OBJC_ROOT_CLASS = YES_ERROR;
				CLANG_WARN_SUSPICIOUS_MOVE = YES;
				CLANG_WARN_UNREACHABLE_CODE = YES;
				CLANG_WARN__DUPLICATE_METHOD_MATCH = YES;
				"CODE_SIGN_IDENTITY[sdk=iphoneos*]" = "iPhone Developer";
				COPY_PHASE_STRIP = NO;
				DEBUG_INFORMATION_FORMAT = dwarf;
				ENABLE_STRICT_OBJC_MSGSEND = YES;
				ENABLE_TESTABILITY = YES;
				GCC_C_LANGUAGE_STANDARD = gnu99;
				GCC_DYNAMIC_NO_PIC = NO;
				GCC_NO_COMMON_BLOCKS = YES;
				GCC_OPTIMIZATION_LEVEL = 0;
				GCC_PREPROCESSOR_DEFINITIONS = (
					"DEBUG=1",
					"$(inherited)",
				);
				GCC_WARN_64_TO_32_BIT_CONVERSION = YES;
				GCC_WARN_ABOUT_RETURN_TYPE = YES_ERROR;
				GCC_WARN_UNDECLARED_SELECTOR = YES;
				GCC_WARN_UNINITIALIZED_AUTOS = YES_AGGRESSIVE;
				GCC_WARN_UNUSED_FUNCTION = YES;
				GCC_WARN_UNUSED_VARIABLE = YES;
				IPHONEOS_DEPLOYMENT_TARGET = 10.3;
				MTL_ENABLE_DEBUG_INFO = YES;
				ONLY_ACTIVE_ARCH = YES;
				SDKROOT = iphoneos;
				SWIFT_ACTIVE_COMPILATION_CONDITIONS = DEBUG;
				SWIFT_OPTIMIZATION_LEVEL = "-Onone";
			};
			name = Debug;
		};
		D9BFF2281EF1379F00D225A6 /* Release */ = {
			isa = XCBuildConfiguration;
			buildSettings = {
				ALWAYS_SEARCH_USER_PATHS = NO;
				CLANG_ANALYZER_NONNULL = YES;
				CLANG_ANALYZER_NUMBER_OBJECT_CONVERSION = YES_AGGRESSIVE;
				CLANG_CXX_LANGUAGE_STANDARD = "gnu++0x";
				CLANG_CXX_LIBRARY = "libc++";
				CLANG_ENABLE_MODULES = YES;
				CLANG_ENABLE_OBJC_ARC = YES;
				CLANG_WARN_BOOL_CONVERSION = YES;
				CLANG_WARN_CONSTANT_CONVERSION = YES;
				CLANG_WARN_DIRECT_OBJC_ISA_USAGE = YES_ERROR;
				CLANG_WARN_DOCUMENTATION_COMMENTS = YES;
				CLANG_WARN_EMPTY_BODY = YES;
				CLANG_WARN_ENUM_CONVERSION = YES;
				CLANG_WARN_INFINITE_RECURSION = YES;
				CLANG_WARN_INT_CONVERSION = YES;
				CLANG_WARN_OBJC_ROOT_CLASS = YES_ERROR;
				CLANG_WARN_SUSPICIOUS_MOVE = YES;
				CLANG_WARN_UNREACHABLE_CODE = YES;
				CLANG_WARN__DUPLICATE_METHOD_MATCH = YES;
				"CODE_SIGN_IDENTITY[sdk=iphoneos*]" = "iPhone Developer";
				COPY_PHASE_STRIP = NO;
				DEBUG_INFORMATION_FORMAT = "dwarf-with-dsym";
				ENABLE_NS_ASSERTIONS = NO;
				ENABLE_STRICT_OBJC_MSGSEND = YES;
				GCC_C_LANGUAGE_STANDARD = gnu99;
				GCC_NO_COMMON_BLOCKS = YES;
				GCC_WARN_64_TO_32_BIT_CONVERSION = YES;
				GCC_WARN_ABOUT_RETURN_TYPE = YES_ERROR;
				GCC_WARN_UNDECLARED_SELECTOR = YES;
				GCC_WARN_UNINITIALIZED_AUTOS = YES_AGGRESSIVE;
				GCC_WARN_UNUSED_FUNCTION = YES;
				GCC_WARN_UNUSED_VARIABLE = YES;
				IPHONEOS_DEPLOYMENT_TARGET = 10.3;
				MTL_ENABLE_DEBUG_INFO = NO;
				SDKROOT = iphoneos;
				SWIFT_OPTIMIZATION_LEVEL = "-Owholemodule";
				VALIDATE_PRODUCT = YES;
			};
			name = Release;
		};
		D9BFF22A1EF1379F00D225A6 /* Debug */ = {
			isa = XCBuildConfiguration;
			baseConfigurationReference = 220373A62198108A1BDE27F1 /* Pods-Hangman.debug.xcconfig */;
			buildSettings = {
				ASSETCATALOG_COMPILER_APPICON_NAME = AppIcon;
				INFOPLIST_FILE = Hangman/Info.plist;
				LD_RUNPATH_SEARCH_PATHS = "$(inherited) @executable_path/Frameworks";
				PRODUCT_BUNDLE_IDENTIFIER = com.smilyDog.Hangman;
				PRODUCT_NAME = "$(TARGET_NAME)";
				SWIFT_VERSION = 3.0;
			};
			name = Debug;
		};
		D9BFF22B1EF1379F00D225A6 /* Release */ = {
			isa = XCBuildConfiguration;
			baseConfigurationReference = 6514DF2666FF8F118C782247 /* Pods-Hangman.release.xcconfig */;
			buildSettings = {
				ASSETCATALOG_COMPILER_APPICON_NAME = AppIcon;
				INFOPLIST_FILE = Hangman/Info.plist;
				LD_RUNPATH_SEARCH_PATHS = "$(inherited) @executable_path/Frameworks";
				PRODUCT_BUNDLE_IDENTIFIER = com.smilyDog.Hangman;
				PRODUCT_NAME = "$(TARGET_NAME)";
				SWIFT_VERSION = 3.0;
			};
			name = Release;
		};
		D9BFF22D1EF1379F00D225A6 /* Debug */ = {
			isa = XCBuildConfiguration;
			buildSettings = {
				ALWAYS_EMBED_SWIFT_STANDARD_LIBRARIES = YES;
				BUNDLE_LOADER = "$(TEST_HOST)";
				INFOPLIST_FILE = HangmanTests/Info.plist;
				LD_RUNPATH_SEARCH_PATHS = "$(inherited) @executable_path/Frameworks @loader_path/Frameworks";
				PRODUCT_BUNDLE_IDENTIFIER = com.smilyDog.HangmanTests;
				PRODUCT_NAME = "$(TARGET_NAME)";
				SWIFT_VERSION = 3.0;
				TEST_HOST = "$(BUILT_PRODUCTS_DIR)/Hangman.app/Hangman";
			};
			name = Debug;
		};
		D9BFF22E1EF1379F00D225A6 /* Release */ = {
			isa = XCBuildConfiguration;
			buildSettings = {
				ALWAYS_EMBED_SWIFT_STANDARD_LIBRARIES = YES;
				BUNDLE_LOADER = "$(TEST_HOST)";
				INFOPLIST_FILE = HangmanTests/Info.plist;
				LD_RUNPATH_SEARCH_PATHS = "$(inherited) @executable_path/Frameworks @loader_path/Frameworks";
				PRODUCT_BUNDLE_IDENTIFIER = com.smilyDog.HangmanTests;
				PRODUCT_NAME = "$(TARGET_NAME)";
				SWIFT_VERSION = 3.0;
				TEST_HOST = "$(BUILT_PRODUCTS_DIR)/Hangman.app/Hangman";
			};
			name = Release;
		};
		D9BFF2301EF1379F00D225A6 /* Debug */ = {
			isa = XCBuildConfiguration;
			buildSettings = {
				ALWAYS_EMBED_SWIFT_STANDARD_LIBRARIES = YES;
				INFOPLIST_FILE = HangmanUITests/Info.plist;
				LD_RUNPATH_SEARCH_PATHS = "$(inherited) @executable_path/Frameworks @loader_path/Frameworks";
				PRODUCT_BUNDLE_IDENTIFIER = com.smilyDog.HangmanUITests;
				PRODUCT_NAME = "$(TARGET_NAME)";
				SWIFT_VERSION = 3.0;
				TEST_TARGET_NAME = Hangman;
			};
			name = Debug;
		};
		D9BFF2311EF1379F00D225A6 /* Release */ = {
			isa = XCBuildConfiguration;
			buildSettings = {
				ALWAYS_EMBED_SWIFT_STANDARD_LIBRARIES = YES;
				INFOPLIST_FILE = HangmanUITests/Info.plist;
				LD_RUNPATH_SEARCH_PATHS = "$(inherited) @executable_path/Frameworks @loader_path/Frameworks";
				PRODUCT_BUNDLE_IDENTIFIER = com.smilyDog.HangmanUITests;
				PRODUCT_NAME = "$(TARGET_NAME)";
				SWIFT_VERSION = 3.0;
				TEST_TARGET_NAME = Hangman;
			};
			name = Release;
		};
/* End XCBuildConfiguration section */

/* Begin XCConfigurationList section */
		D9BFF1FC1EF1379F00D225A6 /* Build configuration list for PBXProject "Hangman" */ = {
			isa = XCConfigurationList;
			buildConfigurations = (
				D9BFF2271EF1379F00D225A6 /* Debug */,
				D9BFF2281EF1379F00D225A6 /* Release */,
			);
			defaultConfigurationIsVisible = 0;
			defaultConfigurationName = Release;
		};
		D9BFF2291EF1379F00D225A6 /* Build configuration list for PBXNativeTarget "Hangman" */ = {
			isa = XCConfigurationList;
			buildConfigurations = (
				D9BFF22A1EF1379F00D225A6 /* Debug */,
				D9BFF22B1EF1379F00D225A6 /* Release */,
			);
			defaultConfigurationIsVisible = 0;
			defaultConfigurationName = Release;
		};
		D9BFF22C1EF1379F00D225A6 /* Build configuration list for PBXNativeTarget "HangmanTests" */ = {
			isa = XCConfigurationList;
			buildConfigurations = (
				D9BFF22D1EF1379F00D225A6 /* Debug */,
				D9BFF22E1EF1379F00D225A6 /* Release */,
			);
			defaultConfigurationIsVisible = 0;
			defaultConfigurationName = Release;
		};
		D9BFF22F1EF1379F00D225A6 /* Build configuration list for PBXNativeTarget "HangmanUITests" */ = {
			isa = XCConfigurationList;
			buildConfigurations = (
				D9BFF2301EF1379F00D225A6 /* Debug */,
				D9BFF2311EF1379F00D225A6 /* Release */,
			);
			defaultConfigurationIsVisible = 0;
			defaultConfigurationName = Release;
		};
/* End XCConfigurationList section */
	};
	rootObject = D9BFF1F91EF1379F00D225A6 /* Project object */;
}
